// !$*UTF8*$!
{
	archiveVersion = 1;
	classes = {
	};
	objectVersion = 50;
	objects = {

/* Begin PBXBuildFile section */
		DF70EA4121A1EE8C002B139F /* AppDelegate.swift in Sources */ = {isa = PBXBuildFile; fileRef = DF70EA4021A1EE8C002B139F /* AppDelegate.swift */; };
		DF70EA4321A1EE8C002B139F /* ViewController.swift in Sources */ = {isa = PBXBuildFile; fileRef = DF70EA4221A1EE8C002B139F /* ViewController.swift */; };
		DF70EA4621A1EE8C002B139F /* Main.storyboard in Resources */ = {isa = PBXBuildFile; fileRef = DF70EA4421A1EE8C002B139F /* Main.storyboard */; };
		DF70EA4921A1EE8C002B139F /* ToDo_y.xcdatamodeld in Sources */ = {isa = PBXBuildFile; fileRef = DF70EA4721A1EE8C002B139F /* ToDo_y.xcdatamodeld */; };
		DF70EA4B21A1EE8E002B139F /* Assets.xcassets in Resources */ = {isa = PBXBuildFile; fileRef = DF70EA4A21A1EE8E002B139F /* Assets.xcassets */; };
		DF70EA4E21A1EE8E002B139F /* LaunchScreen.storyboard in Resources */ = {isa = PBXBuildFile; fileRef = DF70EA4C21A1EE8E002B139F /* LaunchScreen.storyboard */; };
/* End PBXBuildFile section */

/* Begin PBXFileReference section */
		DF70EA3D21A1EE8C002B139F /* ToDo'y.app */ = {isa = PBXFileReference; explicitFileType = wrapper.application; includeInIndex = 0; path = "ToDo'y.app"; sourceTree = BUILT_PRODUCTS_DIR; };
		DF70EA4021A1EE8C002B139F /* AppDelegate.swift */ = {isa = PBXFileReference; lastKnownFileType = sourcecode.swift; path = AppDelegate.swift; sourceTree = "<group>"; };
		DF70EA4221A1EE8C002B139F /* ViewController.swift */ = {isa = PBXFileReference; lastKnownFileType = sourcecode.swift; path = ViewController.swift; sourceTree = "<group>"; };
		DF70EA4521A1EE8C002B139F /* Base */ = {isa = PBXFileReference; lastKnownFileType = file.storyboard; name = Base; path = Base.lproj/Main.storyboard; sourceTree = "<group>"; };
		DF70EA4821A1EE8C002B139F /* ToDo_y.xcdatamodel */ = {isa = PBXFileReference; lastKnownFileType = wrapper.xcdatamodel; path = ToDo_y.xcdatamodel; sourceTree = "<group>"; };
		DF70EA4A21A1EE8E002B139F /* Assets.xcassets */ = {isa = PBXFileReference; lastKnownFileType = folder.assetcatalog; path = Assets.xcassets; sourceTree = "<group>"; };
		DF70EA4D21A1EE8E002B139F /* Base */ = {isa = PBXFileReference; lastKnownFileType = file.storyboard; name = Base; path = Base.lproj/LaunchScreen.storyboard; sourceTree = "<group>"; };
		DF70EA4F21A1EE8E002B139F /* Info.plist */ = {isa = PBXFileReference; lastKnownFileType = text.plist.xml; path = Info.plist; sourceTree = "<group>"; };
/* End PBXFileReference section */

/* Begin PBXFrameworksBuildPhase section */
		DF70EA3A21A1EE8C002B139F /* Frameworks */ = {
			isa = PBXFrameworksBuildPhase;
			buildActionMask = 2147483647;
			files = (
			);
			runOnlyForDeploymentPostprocessing = 0;
		};
/* End PBXFrameworksBuildPhase section */

/* Begin PBXGroup section */
		DF70EA3421A1EE8C002B139F = {
			isa = PBXGroup;
			children = (
				DF70EA3F21A1EE8C002B139F /* ToDo'y */,
				DF70EA3E21A1EE8C002B139F /* Products */,
			);
			sourceTree = "<group>";
		};
		DF70EA3E21A1EE8C002B139F /* Products */ = {
			isa = PBXGroup;
			children = (
				DF70EA3D21A1EE8C002B139F /* ToDo'y.app */,
			);
			name = Products;
			sourceTree = "<group>";
		};
		DF70EA3F21A1EE8C002B139F /* ToDo'y */ = {
			isa = PBXGroup;
			children = (
				DF70EA4021A1EE8C002B139F /* AppDelegate.swift */,
				DF70EA4221A1EE8C002B139F /* ViewController.swift */,
				DF70EA4421A1EE8C002B139F /* Main.storyboard */,
				DF70EA4A21A1EE8E002B139F /* Assets.xcassets */,
				DF70EA4C21A1EE8E002B139F /* LaunchScreen.storyboard */,
				DF70EA4F21A1EE8E002B139F /* Info.plist */,
				DF70EA4721A1EE8C002B139F /* ToDo_y.xcdatamodeld */,
			);
			path = "ToDo'y";
			sourceTree = "<group>";
		};
/* End PBXGroup section */

/* Begin PBXNativeTarget section */
		DF70EA3C21A1EE8C002B139F /* ToDo'y */ = {
			isa = PBXNativeTarget;
			buildConfigurationList = DF70EA5221A1EE8E002B139F /* Build configuration list for PBXNativeTarget "ToDo'y" */;
			buildPhases = (
				DF70EA3921A1EE8C002B139F /* Sources */,
				DF70EA3A21A1EE8C002B139F /* Frameworks */,
				DF70EA3B21A1EE8C002B139F /* Resources */,
			);
			buildRules = (
			);
			dependencies = (
			);
			name = "ToDo'y";
			productName = "ToDo'y";
			productReference = DF70EA3D21A1EE8C002B139F /* ToDo'y.app */;
			productType = "com.apple.product-type.application";
		};
/* End PBXNativeTarget section */

/* Begin PBXProject section */
		DF70EA3521A1EE8C002B139F /* Project object */ = {
			isa = PBXProject;
			attributes = {
				LastSwiftUpdateCheck = 1010;
				LastUpgradeCheck = 1010;
				ORGANIZATIONNAME = "Stewart Smith";
				TargetAttributes = {
					DF70EA3C21A1EE8C002B139F = {
						CreatedOnToolsVersion = 10.1;
					};
				};
			};
			buildConfigurationList = DF70EA3821A1EE8C002B139F /* Build configuration list for PBXProject "ToDo'y" */;
			compatibilityVersion = "Xcode 9.3";
			developmentRegion = en;
			hasScannedForEncodings = 0;
			knownRegions = (
				en,
				Base,
			);
			mainGroup = DF70EA3421A1EE8C002B139F;
			productRefGroup = DF70EA3E21A1EE8C002B139F /* Products */;
			projectDirPath = "";
			projectRoot = "";
			targets = (
				DF70EA3C21A1EE8C002B139F /* ToDo'y */,
			);
		};
/* End PBXProject section */

/* Begin PBXResourcesBuildPhase section */
		DF70EA3B21A1EE8C002B139F /* Resources */ = {
			isa = PBXResourcesBuildPhase;
			buildActionMask = 2147483647;
			files = (
				DF70EA4E21A1EE8E002B139F /* LaunchScreen.storyboard in Resources */,
				DF70EA4B21A1EE8E002B139F /* Assets.xcassets in Resources */,
				DF70EA4621A1EE8C002B139F /* Main.storyboard in Resources */,
			);
			runOnlyForDeploymentPostprocessing = 0;
		};
/* End PBXResourcesBuildPhase section */

/* Begin PBXSourcesBuildPhase section */
		DF70EA3921A1EE8C002B139F /* Sources */ = {
			isa = PBXSourcesBuildPhase;
			buildActionMask = 2147483647;
			files = (
				DF70EA4321A1EE8C002B139F /* ViewController.swift in Sources */,
				DF70EA4921A1EE8C002B139F /* ToDo_y.xcdatamodeld in Sources */,
				DF70EA4121A1EE8C002B139F /* AppDelegate.swift in Sources */,
			);
			runOnlyForDeploymentPostprocessing = 0;
		};
/* End PBXSourcesBuildPhase section */

/* Begin PBXVariantGroup section */
		DF70EA4421A1EE8C002B139F /* Main.storyboard */ = {
			isa = PBXVariantGroup;
			children = (
				DF70EA4521A1EE8C002B139F /* Base */,
			);
			name = Main.storyboard;
			sourceTree = "<group>";
		};
		DF70EA4C21A1EE8E002B139F /* LaunchScreen.storyboard */ = {
			isa = PBXVariantGroup;
			children = (
				DF70EA4D21A1EE8E002B139F /* Base */,
			);
			name = LaunchScreen.storyboard;
			sourceTree = "<group>";
		};
/* End PBXVariantGroup section */

/* Begin XCBuildConfiguration section */
		DF70EA5021A1EE8E002B139F /* Debug */ = {
			isa = XCBuildConfiguration;
			buildSettings = {
				ALWAYS_SEARCH_USER_PATHS = NO;
				CLANG_ANALYZER_NONNULL = YES;
				CLANG_ANALYZER_NUMBER_OBJECT_CONVERSION = YES_AGGRESSIVE;
				CLANG_CXX_LANGUAGE_STANDARD = "gnu++14";
				CLANG_CXX_LIBRARY = "libc++";
				CLANG_ENABLE_MODULES = YES;
				CLANG_ENABLE_OBJC_ARC = YES;
				CLANG_ENABLE_OBJC_WEAK = YES;
				CLANG_WARN_BLOCK_CAPTURE_AUTORELEASING = YES;
				CLANG_WARN_BOOL_CONVERSION = YES;
				CLANG_WARN_COMMA = YES;
				CLANG_WARN_CONSTANT_CONVERSION = YES;
				CLANG_WARN_DEPRECATED_OBJC_IMPLEMENTATIONS = YES;
				CLANG_WARN_DIRECT_OBJC_ISA_USAGE = YES_ERROR;
				CLANG_WARN_DOCUMENTATION_COMMENTS = YES;
				CLANG_WARN_EMPTY_BODY = YES;
				CLANG_WARN_ENUM_CONVERSION = YES;
				CLANG_WARN_INFINITE_RECURSION = YES;
				CLANG_WARN_INT_CONVERSION = YES;
				CLANG_WARN_NON_LITERAL_NULL_CONVERSION = YES;
				CLANG_WARN_OBJC_IMPLICIT_RETAIN_SELF = YES;
				CLANG_WARN_OBJC_LITERAL_CONVERSION = YES;
				CLANG_WARN_OBJC_ROOT_CLASS = YES_ERROR;
				CLANG_WARN_RANGE_LOOP_ANALYSIS = YES;
				CLANG_WARN_STRICT_PROTOTYPES = YES;
				CLANG_WARN_SUSPICIOUS_MOVE = YES;
				CLANG_WARN_UNGUARDED_AVAILABILITY = YES_AGGRESSIVE;
				CLANG_WARN_UNREACHABLE_CODE = YES;
				CLANG_WARN__DUPLICATE_METHOD_MATCH = YES;
				CODE_SIGN_IDENTITY = "iPhone Developer";
				COPY_PHASE_STRIP = NO;
				DEBUG_INFORMATION_FORMAT = dwarf;
				ENABLE_STRICT_OBJC_MSGSEND = YES;
				ENABLE_TESTABILITY = YES;
				GCC_C_LANGUAGE_STANDARD = gnu11;
				GCC_DYNAMIC_NO_PIC = NO;
				GCC_NO_COMMON_BLOCKS = YES;
				GCC_OPTIMIZATION_LEVEL = 0;
				GCC_PREPROCESSOR_DEFINITIONS = (
					"DEBUG=1",
					"$(inherited)",
				);
				GCC_WARN_64_TO_32_BIT_CONVERSION = YES;
				GCC_WARN_ABOUT_RETURN_TYPE = YES_ERROR;
				GCC_WARN_UNDECLARED_SELECTOR = YES;
				GCC_WARN_UNINITIALIZED_AUTOS = YES_AGGRESSIVE;
				GCC_WARN_UNUSED_FUNCTION = YES;
				GCC_WARN_UNUSED_VARIABLE = YES;
				IPHONEOS_DEPLOYMENT_TARGET = 12.1;
				MTL_ENABLE_DEBUG_INFO = INCLUDE_SOURCE;
				MTL_FAST_MATH = YES;
				ONLY_ACTIVE_ARCH = YES;
				SDKROOT = iphoneos;
				SWIFT_ACTIVE_COMPILATION_CONDITIONS = DEBUG;
				SWIFT_OPTIMIZATION_LEVEL = "-Onone";
			};
			name = Debug;
		};
		DF70EA5121A1EE8E002B139F /* Release */ = {
			isa = XCBuildConfiguration;
			buildSettings = {
				ALWAYS_SEARCH_USER_PATHS = NO;
				CLANG_ANALYZER_NONNULL = YES;
				CLANG_ANALYZER_NUMBER_OBJECT_CONVERSION = YES_AGGRESSIVE;
				CLANG_CXX_LANGUAGE_STANDARD = "gnu++14";
				CLANG_CXX_LIBRARY = "libc++";
				CLANG_ENABLE_MODULES = YES;
				CLANG_ENABLE_OBJC_ARC = YES;
				CLANG_ENABLE_OBJC_WEAK = YES;
				CLANG_WARN_BLOCK_CAPTURE_AUTORELEASING = YES;
				CLANG_WARN_BOOL_CONVERSION = YES;
				CLANG_WARN_COMMA = YES;
				CLANG_WARN_CONSTANT_CONVERSION = YES;
				CLANG_WARN_DEPRECATED_OBJC_IMPLEMENTATIONS = YES;
				CLANG_WARN_DIRECT_OBJC_ISA_USAGE = YES_ERROR;
				CLANG_WARN_DOCUMENTATION_COMMENTS = YES;
				CLANG_WARN_EMPTY_BODY = YES;
				CLANG_WARN_ENUM_CONVERSION = YES;
				CLANG_WARN_INFINITE_RECURSION = YES;
				CLANG_WARN_INT_CONVERSION = YES;
				CLANG_WARN_NON_LITERAL_NULL_CONVERSION = YES;
				CLANG_WARN_OBJC_IMPLICIT_RETAIN_SELF = YES;
				CLANG_WARN_OBJC_LITERAL_CONVERSION = YES;
				CLANG_WARN_OBJC_ROOT_CLASS = YES_ERROR;
				CLANG_WARN_RANGE_LOOP_ANALYSIS = YES;
				CLANG_WARN_STRICT_PROTOTYPES = YES;
				CLANG_WARN_SUSPICIOUS_MOVE = YES;
				CLANG_WARN_UNGUARDED_AVAILABILITY = YES_AGGRESSIVE;
				CLANG_WARN_UNREACHABLE_CODE = YES;
				CLANG_WARN__DUPLICATE_METHOD_MATCH = YES;
				CODE_SIGN_IDENTITY = "iPhone Developer";
				COPY_PHASE_STRIP = NO;
				DEBUG_INFORMATION_FORMAT = "dwarf-with-dsym";
				ENABLE_NS_ASSERTIONS = NO;
				ENABLE_STRICT_OBJC_MSGSEND = YES;
				GCC_C_LANGUAGE_STANDARD = gnu11;
				GCC_NO_COMMON_BLOCKS = YES;
				GCC_WARN_64_TO_32_BIT_CONVERSION = YES;
				GCC_WARN_ABOUT_RETURN_TYPE = YES_ERROR;
				GCC_WARN_UNDECLARED_SELECTOR = YES;
				GCC_WARN_UNINITIALIZED_AUTOS = YES_AGGRESSIVE;
				GCC_WARN_UNUSED_FUNCTION = YES;
				GCC_WARN_UNUSED_VARIABLE = YES;
				IPHONEOS_DEPLOYMENT_TARGET = 12.1;
				MTL_ENABLE_DEBUG_INFO = NO;
				MTL_FAST_MATH = YES;
				SDKROOT = iphoneos;
				SWIFT_COMPILATION_MODE = wholemodule;
				SWIFT_OPTIMIZATION_LEVEL = "-O";
				VALIDATE_PRODUCT = YES;
			};
			name = Release;
		};
		DF70EA5321A1EE8E002B139F /* Debug */ = {
			isa = XCBuildConfiguration;
			buildSettings = {
				ASSETCATALOG_COMPILER_APPICON_NAME = AppIcon;
				CODE_SIGN_STYLE = Automatic;
				DEVELOPMENT_TEAM = 2W3ZH57G43;
				INFOPLIST_FILE = "ToDo'y/Info.plist";
				LD_RUNPATH_SEARCH_PATHS = (
					"$(inherited)",
					"@executable_path/Frameworks",
				);
				PRODUCT_BUNDLE_IDENTIFIER = "com.stewart-smith.ToDo-y";
				PRODUCT_NAME = "$(TARGET_NAME)";
				SWIFT_VERSION = 4.2;
				TARGETED_DEVICE_FAMILY = "1,2";
			};
			name = Debug;
		};
		DF70EA5421A1EE8E002B139F /* Release */ = {
			isa = XCBuildConfiguration;
			buildSettings = {
				ASSETCATALOG_COMPILER_APPICON_NAME = AppIcon;
				CODE_SIGN_STYLE = Automatic;
				DEVELOPMENT_TEAM = 2W3ZH57G43;
				INFOPLIST_FILE = "ToDo'y/Info.plist";
				LD_RUNPATH_SEARCH_PATHS = (
					"$(inherited)",
					"@executable_path/Frameworks",
				);
				PRODUCT_BUNDLE_IDENTIFIER = "com.stewart-smith.ToDo-y";
				PRODUCT_NAME = "$(TARGET_NAME)";
				SWIFT_VERSION = 4.2;
				TARGETED_DEVICE_FAMILY = "1,2";
			};
			name = Release;
		};
/* End XCBuildConfiguration section */

/* Begin XCConfigurationList section */
		DF70EA3821A1EE8C002B139F /* Build configuration list for PBXProject "ToDo'y" */ = {
			isa = XCConfigurationList;
			buildConfigurations = (
				DF70EA5021A1EE8E002B139F /* Debug */,
				DF70EA5121A1EE8E002B139F /* Release */,
			);
			defaultConfigurationIsVisible = 0;
			defaultConfigurationName = Release;
		};
		DF70EA5221A1EE8E002B139F /* Build configuration list for PBXNativeTarget "ToDo'y" */ = {
			isa = XCConfigurationList;
			buildConfigurations = (
				DF70EA5321A1EE8E002B139F /* Debug */,
				DF70EA5421A1EE8E002B139F /* Release */,
			);
			defaultConfigurationIsVisible = 0;
			defaultConfigurationName = Release;
		};
/* End XCConfigurationList section */

/* Begin XCVersionGroup section */
		DF70EA4721A1EE8C002B139F /* ToDo_y.xcdatamodeld */ = {
			isa = XCVersionGroup;
			children = (
				DF70EA4821A1EE8C002B139F /* ToDo_y.xcdatamodel */,
			);
			currentVersion = DF70EA4821A1EE8C002B139F /* ToDo_y.xcdatamodel */;
			path = ToDo_y.xcdatamodeld;
			sourceTree = "<group>";
			versionGroupType = wrapper.xcdatamodel;
		};
/* End XCVersionGroup section */
	};
	rootObject = DF70EA3521A1EE8C002B139F /* Project object */;
}
